
Microsoft Visual Studio Solution File, Format Version 12.00
Project("{2150E333-8FDC-42A3-9474-1A3956D46DE8}") = "API", "API", "{1D3B1B4C-4930-492F-8798-E8BC6E4AFD96}"
EndProject
Project("{FAE04EC0-301F-11D3-BF4B-00C04F79EFBC}") = "Banco.Cuentas.API", "Banco.Cuentas.API\Banco.Cuentas.API.csproj", "{7CF73DB7-B474-41C9-81D1-A79A6FAD9A99}"
EndProject
Project("{FAE04EC0-301F-11D3-BF4B-00C04F79EFBC}") = "Banco.Transacciones.API", "Banco.Transacciones.API\Banco.Transacciones.API.csproj", "{4FECF6F8-A757-412D-B653-80E0A949B013}"
EndProject
Project("{FAE04EC0-301F-11D3-BF4B-00C04F79EFBC}") = "Banco.Usuarios.API", "Banco.Usuarios.API\Banco.Usuarios.API.csproj", "{2B1D230E-C820-49FC-BB3C-76BF195BA1B2}"
EndProject
Project("{FAE04EC0-301F-11D3-BF4B-00C04F79EFBC}") = "Banco.Seguridad.API", "Banco.Seguridad.API\Banco.Seguridad.API.csproj", "{90905ABC-44FB-4212-9943-39564202E15A}"
EndProject
Global
	GlobalSection(SolutionConfigurationPlatforms) = preSolution
		Debug|Any CPU = Debug|Any CPU
		Release|Any CPU = Release|Any CPU
	EndGlobalSection
	GlobalSection(ProjectConfigurationPlatforms) = postSolution
		{7CF73DB7-B474-41C9-81D1-A79A6FAD9A99}.Debug|Any CPU.ActiveCfg = Debug|Any CPU
		{7CF73DB7-B474-41C9-81D1-A79A6FAD9A99}.Debug|Any CPU.Build.0 = Debug|Any CPU
		{7CF73DB7-B474-41C9-81D1-A79A6FAD9A99}.Release|Any CPU.ActiveCfg = Release|Any CPU
		{7CF73DB7-B474-41C9-81D1-A79A6FAD9A99}.Release|Any CPU.Build.0 = Release|Any CPU
		{4FECF6F8-A757-412D-B653-80E0A949B013}.Debug|Any CPU.ActiveCfg = Debug|Any CPU
		{4FECF6F8-A757-412D-B653-80E0A949B013}.Debug|Any CPU.Build.0 = Debug|Any CPU
		{4FECF6F8-A757-412D-B653-80E0A949B013}.Release|Any CPU.ActiveCfg = Release|Any CPU
		{4FECF6F8-A757-412D-B653-80E0A949B013}.Release|Any CPU.Build.0 = Release|Any CPU
		{2B1D230E-C820-49FC-BB3C-76BF195BA1B2}.Debug|Any CPU.ActiveCfg = Debug|Any CPU
		{2B1D230E-C820-49FC-BB3C-76BF195BA1B2}.Debug|Any CPU.Build.0 = Debug|Any CPU
		{2B1D230E-C820-49FC-BB3C-76BF195BA1B2}.Release|Any CPU.ActiveCfg = Release|Any CPU
		{2B1D230E-C820-49FC-BB3C-76BF195BA1B2}.Release|Any CPU.Build.0 = Release|Any CPU
		{90905ABC-44FB-4212-9943-39564202E15A}.Debug|Any CPU.ActiveCfg = Debug|Any CPU
		{90905ABC-44FB-4212-9943-39564202E15A}.Debug|Any CPU.Build.0 = Debug|Any CPU
		{90905ABC-44FB-4212-9943-39564202E15A}.Release|Any CPU.ActiveCfg = Release|Any CPU
		{90905ABC-44FB-4212-9943-39564202E15A}.Release|Any CPU.Build.0 = Release|Any CPU
	EndGlobalSection
	GlobalSection(NestedProjects) = preSolution
		{7CF73DB7-B474-41C9-81D1-A79A6FAD9A99} = {1D3B1B4C-4930-492F-8798-E8BC6E4AFD96}
		{4FECF6F8-A757-412D-B653-80E0A949B013} = {1D3B1B4C-4930-492F-8798-E8BC6E4AFD96}
		{2B1D230E-C820-49FC-BB3C-76BF195BA1B2} = {1D3B1B4C-4930-492F-8798-E8BC6E4AFD96}
		{90905ABC-44FB-4212-9943-39564202E15A} = {1D3B1B4C-4930-492F-8798-E8BC6E4AFD96}
	EndGlobalSection
EndGlobal
